// !$*UTF8*$!
{
	archiveVersion = 1;
	classes = {
	};
	objectVersion = 50;
	objects = {

/* Begin PBXBuildFile section */
		BC89A5FC260E16680036CC59 /* AppDelegate.swift in Sources */ = {isa = PBXBuildFile; fileRef = BC89A5FB260E16680036CC59 /* AppDelegate.swift */; };
		BC89A5FE260E16680036CC59 /* SceneDelegate.swift in Sources */ = {isa = PBXBuildFile; fileRef = BC89A5FD260E16680036CC59 /* SceneDelegate.swift */; };
		BC89A600260E16680036CC59 /* SelectCountriesAndCategoriesView.swift in Sources */ = {isa = PBXBuildFile; fileRef = BC89A5FF260E16680036CC59 /* SelectCountriesAndCategoriesView.swift */; };
		BC89A602260E166D0036CC59 /* Assets.xcassets in Resources */ = {isa = PBXBuildFile; fileRef = BC89A601260E166D0036CC59 /* Assets.xcassets */; };
		BC89A605260E166D0036CC59 /* Preview Assets.xcassets in Resources */ = {isa = PBXBuildFile; fileRef = BC89A604260E166D0036CC59 /* Preview Assets.xcassets */; };
		BC89A608260E166D0036CC59 /* LaunchScreen.storyboard in Resources */ = {isa = PBXBuildFile; fileRef = BC89A606260E166D0036CC59 /* LaunchScreen.storyboard */; };
		BC89A613260E166D0036CC59 /* NewsArticleAppTests.swift in Sources */ = {isa = PBXBuildFile; fileRef = BC89A612260E166D0036CC59 /* NewsArticleAppTests.swift */; };
		BC89A61E260E166D0036CC59 /* NewsArticleAppUITests.swift in Sources */ = {isa = PBXBuildFile; fileRef = BC89A61D260E166D0036CC59 /* NewsArticleAppUITests.swift */; };
		BC89A635260E25930036CC59 /* Categories.json in Resources */ = {isa = PBXBuildFile; fileRef = BC89A633260E25930036CC59 /* Categories.json */; };
		BC89A63F260E26760036CC59 /* CountriesAndCategoriesService.swift in Sources */ = {isa = PBXBuildFile; fileRef = BC89A63D260E26760036CC59 /* CountriesAndCategoriesService.swift */; };
		BC89A640260E26760036CC59 /* FileManagerService.swift in Sources */ = {isa = PBXBuildFile; fileRef = BC89A63E260E26760036CC59 /* FileManagerService.swift */; };
		BC89A649260E42DC0036CC59 /* APIService.swift in Sources */ = {isa = PBXBuildFile; fileRef = BC89A645260E42DC0036CC59 /* APIService.swift */; };
		BC89A64A260E42DC0036CC59 /* APISession.swift in Sources */ = {isa = PBXBuildFile; fileRef = BC89A646260E42DC0036CC59 /* APISession.swift */; };
		BC89A64B260E42DC0036CC59 /* RequestBuilder.swift in Sources */ = {isa = PBXBuildFile; fileRef = BC89A647260E42DC0036CC59 /* RequestBuilder.swift */; };
		BC89A64C260E42DC0036CC59 /* ApiErorr.swift in Sources */ = {isa = PBXBuildFile; fileRef = BC89A648260E42DC0036CC59 /* ApiErorr.swift */; };
		BC89A652260E4B3B0036CC59 /* Country.swift in Sources */ = {isa = PBXBuildFile; fileRef = BC89A651260E4B3B0036CC59 /* Country.swift */; };
		BC89A658260E4D6C0036CC59 /* CategoriesModel.swift in Sources */ = {isa = PBXBuildFile; fileRef = BC89A657260E4D6C0036CC59 /* CategoriesModel.swift */; };
		BC89A664260E4FE10036CC59 /* SelectCountriesAndCategoriesViewModel.swift in Sources */ = {isa = PBXBuildFile; fileRef = BC89A663260E4FE10036CC59 /* SelectCountriesAndCategoriesViewModel.swift */; };
		BC89A673260E64940036CC59 /* Countries.json in Resources */ = {isa = PBXBuildFile; fileRef = BC89A672260E64940036CC59 /* Countries.json */; };
		BC89A682260E7E390036CC59 /* GridStack.swift in Sources */ = {isa = PBXBuildFile; fileRef = BC89A67F260E7E390036CC59 /* GridStack.swift */; };
		BC89A683260E7E390036CC59 /* GridCalculator.swift in Sources */ = {isa = PBXBuildFile; fileRef = BC89A680260E7E390036CC59 /* GridCalculator.swift */; };
		BC89A684260E7E390036CC59 /* Array+chunked.swift in Sources */ = {isa = PBXBuildFile; fileRef = BC89A681260E7E390036CC59 /* Array+chunked.swift */; };
		BC89A69C260EA4B30036CC59 /* SpinnerView.swift in Sources */ = {isa = PBXBuildFile; fileRef = BC89A699260EA4B20036CC59 /* SpinnerView.swift */; };
		BC89A69D260EA4B30036CC59 /* UrlImageView.swift in Sources */ = {isa = PBXBuildFile; fileRef = BC89A69A260EA4B20036CC59 /* UrlImageView.swift */; };
		BC89A69E260EA4B30036CC59 /* LoadingView.swift in Sources */ = {isa = PBXBuildFile; fileRef = BC89A69B260EA4B30036CC59 /* LoadingView.swift */; };
		BC89A6A7260EA4DF0036CC59 /* extension+UIApplication.swift in Sources */ = {isa = PBXBuildFile; fileRef = BC89A6A3260EA4DF0036CC59 /* extension+UIApplication.swift */; };
		BC89A6A8260EA4DF0036CC59 /* Constants.swift in Sources */ = {isa = PBXBuildFile; fileRef = BC89A6A5260EA4DF0036CC59 /* Constants.swift */; };
		BC89A6A9260EA4DF0036CC59 /* NewsListEndPoints.swift in Sources */ = {isa = PBXBuildFile; fileRef = BC89A6A6260EA4DF0036CC59 /* NewsListEndPoints.swift */; };
		BC89A6B5260F24560036CC59 /* NewsResult.swift in Sources */ = {isa = PBXBuildFile; fileRef = BC89A6B4260F24560036CC59 /* NewsResult.swift */; };
		BC89A6BD260F25420036CC59 /* NewsListView.swift in Sources */ = {isa = PBXBuildFile; fileRef = BC89A6BC260F25420036CC59 /* NewsListView.swift */; };
		BC89A6D0260F355F0036CC59 /* NewsResultViewModel.swift in Sources */ = {isa = PBXBuildFile; fileRef = BC89A6CF260F355F0036CC59 /* NewsResultViewModel.swift */; };
		BC89A6D6260F35940036CC59 /* NewsResultService.swift in Sources */ = {isa = PBXBuildFile; fileRef = BC89A6D5260F35940036CC59 /* NewsResultService.swift */; };
		BC89A6DC260F37C60036CC59 /* NewsViewCell.swift in Sources */ = {isa = PBXBuildFile; fileRef = BC89A6DB260F37C50036CC59 /* NewsViewCell.swift */; };
		BC8DA751260FA573001E4227 /* UserDefault.swift in Sources */ = {isa = PBXBuildFile; fileRef = BC8DA750260FA573001E4227 /* UserDefault.swift */; };
		BC8DA756260FAFF0001E4227 /* extension+View.swift in Sources */ = {isa = PBXBuildFile; fileRef = BC8DA755260FAFF0001E4227 /* extension+View.swift */; };
		BC8DA75E260FCBEE001E4227 /* UserNewsFavoritesManager.swift in Sources */ = {isa = PBXBuildFile; fileRef = BC8DA75D260FCBEE001E4227 /* UserNewsFavoritesManager.swift */; };
		BC8DA763260FD838001E4227 /* FavoritesNewsView.swift in Sources */ = {isa = PBXBuildFile; fileRef = BC8DA762260FD838001E4227 /* FavoritesNewsView.swift */; };
/* End PBXBuildFile section */

/* Begin PBXContainerItemProxy section */
		BC89A60F260E166D0036CC59 /* PBXContainerItemProxy */ = {
			isa = PBXContainerItemProxy;
			containerPortal = BC89A5F0260E16670036CC59 /* Project object */;
			proxyType = 1;
			remoteGlobalIDString = BC89A5F7260E16680036CC59;
			remoteInfo = NewsArticleApp;
		};
		BC89A61A260E166D0036CC59 /* PBXContainerItemProxy */ = {
			isa = PBXContainerItemProxy;
			containerPortal = BC89A5F0260E16670036CC59 /* Project object */;
			proxyType = 1;
			remoteGlobalIDString = BC89A5F7260E16680036CC59;
			remoteInfo = NewsArticleApp;
		};
/* End PBXContainerItemProxy section */

/* Begin PBXFileReference section */
		BC89A5F8260E16680036CC59 /* NewsArticleApp.app */ = {isa = PBXFileReference; explicitFileType = wrapper.application; includeInIndex = 0; path = NewsArticleApp.app; sourceTree = BUILT_PRODUCTS_DIR; };
		BC89A5FB260E16680036CC59 /* AppDelegate.swift */ = {isa = PBXFileReference; lastKnownFileType = sourcecode.swift; path = AppDelegate.swift; sourceTree = "<group>"; };
		BC89A5FD260E16680036CC59 /* SceneDelegate.swift */ = {isa = PBXFileReference; lastKnownFileType = sourcecode.swift; path = SceneDelegate.swift; sourceTree = "<group>"; };
		BC89A5FF260E16680036CC59 /* SelectCountriesAndCategoriesView.swift */ = {isa = PBXFileReference; lastKnownFileType = sourcecode.swift; path = SelectCountriesAndCategoriesView.swift; sourceTree = "<group>"; };
		BC89A601260E166D0036CC59 /* Assets.xcassets */ = {isa = PBXFileReference; lastKnownFileType = folder.assetcatalog; path = Assets.xcassets; sourceTree = "<group>"; };
		BC89A604260E166D0036CC59 /* Preview Assets.xcassets */ = {isa = PBXFileReference; lastKnownFileType = folder.assetcatalog; path = "Preview Assets.xcassets"; sourceTree = "<group>"; };
		BC89A607260E166D0036CC59 /* Base */ = {isa = PBXFileReference; lastKnownFileType = file.storyboard; name = Base; path = Base.lproj/LaunchScreen.storyboard; sourceTree = "<group>"; };
		BC89A609260E166D0036CC59 /* Info.plist */ = {isa = PBXFileReference; lastKnownFileType = text.plist.xml; path = Info.plist; sourceTree = "<group>"; };
		BC89A60E260E166D0036CC59 /* NewsArticleAppTests.xctest */ = {isa = PBXFileReference; explicitFileType = wrapper.cfbundle; includeInIndex = 0; path = NewsArticleAppTests.xctest; sourceTree = BUILT_PRODUCTS_DIR; };
		BC89A612260E166D0036CC59 /* NewsArticleAppTests.swift */ = {isa = PBXFileReference; lastKnownFileType = sourcecode.swift; path = NewsArticleAppTests.swift; sourceTree = "<group>"; };
		BC89A614260E166D0036CC59 /* Info.plist */ = {isa = PBXFileReference; lastKnownFileType = text.plist.xml; path = Info.plist; sourceTree = "<group>"; };
		BC89A619260E166D0036CC59 /* NewsArticleAppUITests.xctest */ = {isa = PBXFileReference; explicitFileType = wrapper.cfbundle; includeInIndex = 0; path = NewsArticleAppUITests.xctest; sourceTree = BUILT_PRODUCTS_DIR; };
		BC89A61D260E166D0036CC59 /* NewsArticleAppUITests.swift */ = {isa = PBXFileReference; lastKnownFileType = sourcecode.swift; path = NewsArticleAppUITests.swift; sourceTree = "<group>"; };
		BC89A61F260E166D0036CC59 /* Info.plist */ = {isa = PBXFileReference; lastKnownFileType = text.plist.xml; path = Info.plist; sourceTree = "<group>"; };
		BC89A633260E25930036CC59 /* Categories.json */ = {isa = PBXFileReference; fileEncoding = 4; lastKnownFileType = text.json; path = Categories.json; sourceTree = "<group>"; };
		BC89A63D260E26760036CC59 /* CountriesAndCategoriesService.swift */ = {isa = PBXFileReference; fileEncoding = 4; lastKnownFileType = sourcecode.swift; path = CountriesAndCategoriesService.swift; sourceTree = "<group>"; };
		BC89A63E260E26760036CC59 /* FileManagerService.swift */ = {isa = PBXFileReference; fileEncoding = 4; lastKnownFileType = sourcecode.swift; path = FileManagerService.swift; sourceTree = "<group>"; };
		BC89A645260E42DC0036CC59 /* APIService.swift */ = {isa = PBXFileReference; fileEncoding = 4; lastKnownFileType = sourcecode.swift; path = APIService.swift; sourceTree = "<group>"; };
		BC89A646260E42DC0036CC59 /* APISession.swift */ = {isa = PBXFileReference; fileEncoding = 4; lastKnownFileType = sourcecode.swift; path = APISession.swift; sourceTree = "<group>"; };
		BC89A647260E42DC0036CC59 /* RequestBuilder.swift */ = {isa = PBXFileReference; fileEncoding = 4; lastKnownFileType = sourcecode.swift; path = RequestBuilder.swift; sourceTree = "<group>"; };
		BC89A648260E42DC0036CC59 /* ApiErorr.swift */ = {isa = PBXFileReference; fileEncoding = 4; lastKnownFileType = sourcecode.swift; path = ApiErorr.swift; sourceTree = "<group>"; };
		BC89A651260E4B3B0036CC59 /* Country.swift */ = {isa = PBXFileReference; lastKnownFileType = sourcecode.swift; path = Country.swift; sourceTree = "<group>"; };
		BC89A657260E4D6C0036CC59 /* CategoriesModel.swift */ = {isa = PBXFileReference; lastKnownFileType = sourcecode.swift; path = CategoriesModel.swift; sourceTree = "<group>"; };
		BC89A663260E4FE10036CC59 /* SelectCountriesAndCategoriesViewModel.swift */ = {isa = PBXFileReference; lastKnownFileType = sourcecode.swift; path = SelectCountriesAndCategoriesViewModel.swift; sourceTree = "<group>"; };
		BC89A672260E64940036CC59 /* Countries.json */ = {isa = PBXFileReference; fileEncoding = 4; lastKnownFileType = text.json; path = Countries.json; sourceTree = "<group>"; };
		BC89A67F260E7E390036CC59 /* GridStack.swift */ = {isa = PBXFileReference; fileEncoding = 4; lastKnownFileType = sourcecode.swift; path = GridStack.swift; sourceTree = "<group>"; };
		BC89A680260E7E390036CC59 /* GridCalculator.swift */ = {isa = PBXFileReference; fileEncoding = 4; lastKnownFileType = sourcecode.swift; path = GridCalculator.swift; sourceTree = "<group>"; };
		BC89A681260E7E390036CC59 /* Array+chunked.swift */ = {isa = PBXFileReference; fileEncoding = 4; lastKnownFileType = sourcecode.swift; path = "Array+chunked.swift"; sourceTree = "<group>"; };
		BC89A699260EA4B20036CC59 /* SpinnerView.swift */ = {isa = PBXFileReference; fileEncoding = 4; lastKnownFileType = sourcecode.swift; path = SpinnerView.swift; sourceTree = "<group>"; };
		BC89A69A260EA4B20036CC59 /* UrlImageView.swift */ = {isa = PBXFileReference; fileEncoding = 4; lastKnownFileType = sourcecode.swift; path = UrlImageView.swift; sourceTree = "<group>"; };
		BC89A69B260EA4B30036CC59 /* LoadingView.swift */ = {isa = PBXFileReference; fileEncoding = 4; lastKnownFileType = sourcecode.swift; path = LoadingView.swift; sourceTree = "<group>"; };
		BC89A6A3260EA4DF0036CC59 /* extension+UIApplication.swift */ = {isa = PBXFileReference; fileEncoding = 4; lastKnownFileType = sourcecode.swift; path = "extension+UIApplication.swift"; sourceTree = "<group>"; };
		BC89A6A5260EA4DF0036CC59 /* Constants.swift */ = {isa = PBXFileReference; fileEncoding = 4; lastKnownFileType = sourcecode.swift; path = Constants.swift; sourceTree = "<group>"; };
		BC89A6A6260EA4DF0036CC59 /* NewsListEndPoints.swift */ = {isa = PBXFileReference; fileEncoding = 4; lastKnownFileType = sourcecode.swift; path = NewsListEndPoints.swift; sourceTree = "<group>"; };
		BC89A6B4260F24560036CC59 /* NewsResult.swift */ = {isa = PBXFileReference; lastKnownFileType = sourcecode.swift; path = NewsResult.swift; sourceTree = "<group>"; };
		BC89A6BC260F25420036CC59 /* NewsListView.swift */ = {isa = PBXFileReference; lastKnownFileType = sourcecode.swift; path = NewsListView.swift; sourceTree = "<group>"; };
		BC89A6CF260F355F0036CC59 /* NewsResultViewModel.swift */ = {isa = PBXFileReference; lastKnownFileType = sourcecode.swift; path = NewsResultViewModel.swift; sourceTree = "<group>"; };
		BC89A6D5260F35940036CC59 /* NewsResultService.swift */ = {isa = PBXFileReference; lastKnownFileType = sourcecode.swift; path = NewsResultService.swift; sourceTree = "<group>"; };
		BC89A6DB260F37C50036CC59 /* NewsViewCell.swift */ = {isa = PBXFileReference; fileEncoding = 4; lastKnownFileType = sourcecode.swift; path = NewsViewCell.swift; sourceTree = "<group>"; };
		BC8DA750260FA573001E4227 /* UserDefault.swift */ = {isa = PBXFileReference; fileEncoding = 4; lastKnownFileType = sourcecode.swift; path = UserDefault.swift; sourceTree = "<group>"; };
		BC8DA755260FAFF0001E4227 /* extension+View.swift */ = {isa = PBXFileReference; lastKnownFileType = sourcecode.swift; path = "extension+View.swift"; sourceTree = "<group>"; };
		BC8DA75D260FCBEE001E4227 /* UserNewsFavoritesManager.swift */ = {isa = PBXFileReference; lastKnownFileType = sourcecode.swift; path = UserNewsFavoritesManager.swift; sourceTree = "<group>"; };
		BC8DA762260FD838001E4227 /* FavoritesNewsView.swift */ = {isa = PBXFileReference; lastKnownFileType = sourcecode.swift; path = FavoritesNewsView.swift; sourceTree = "<group>"; };
/* End PBXFileReference section */

/* Begin PBXFrameworksBuildPhase section */
		BC89A5F5260E16680036CC59 /* Frameworks */ = {
			isa = PBXFrameworksBuildPhase;
			buildActionMask = 2147483647;
			files = (
			);
			runOnlyForDeploymentPostprocessing = 0;
		};
		BC89A60B260E166D0036CC59 /* Frameworks */ = {
			isa = PBXFrameworksBuildPhase;
			buildActionMask = 2147483647;
			files = (
			);
			runOnlyForDeploymentPostprocessing = 0;
		};
		BC89A616260E166D0036CC59 /* Frameworks */ = {
			isa = PBXFrameworksBuildPhase;
			buildActionMask = 2147483647;
			files = (
			);
			runOnlyForDeploymentPostprocessing = 0;
		};
/* End PBXFrameworksBuildPhase section */

/* Begin PBXGroup section */
		BC89A5EF260E16670036CC59 = {
			isa = PBXGroup;
			children = (
				BC89A5FA260E16680036CC59 /* NewsArticleApp */,
				BC89A611260E166D0036CC59 /* NewsArticleAppTests */,
				BC89A61C260E166D0036CC59 /* NewsArticleAppUITests */,
				BC89A5F9260E16680036CC59 /* Products */,
			);
			sourceTree = "<group>";
		};
		BC89A5F9260E16680036CC59 /* Products */ = {
			isa = PBXGroup;
			children = (
				BC89A5F8260E16680036CC59 /* NewsArticleApp.app */,
				BC89A60E260E166D0036CC59 /* NewsArticleAppTests.xctest */,
				BC89A619260E166D0036CC59 /* NewsArticleAppUITests.xctest */,
			);
			name = Products;
			sourceTree = "<group>";
		};
		BC89A5FA260E16680036CC59 /* NewsArticleApp */ = {
			isa = PBXGroup;
			children = (
				BC8DA75A260FCB71001E4227 /* NewsFavorites */,
				BC89A6B0260F1A480036CC59 /* NewsList */,
				BC89A660260E4F5E0036CC59 /* SelectCountiesAndCategories */,
				BC89A6A4260EA4DF0036CC59 /* Constants */,
				BC89A6A2260EA4DF0036CC59 /* Extensions */,
				BC89A67B260E7E390036CC59 /* UIUtility */,
				BC89A63B260E25CB0036CC59 /* Utility */,
				BC89A631260E254A0036CC59 /* Resources */,
				BC89A5FB260E16680036CC59 /* AppDelegate.swift */,
				BC89A5FD260E16680036CC59 /* SceneDelegate.swift */,
				BC89A606260E166D0036CC59 /* LaunchScreen.storyboard */,
				BC89A609260E166D0036CC59 /* Info.plist */,
				BC89A603260E166D0036CC59 /* Preview Content */,
			);
			path = NewsArticleApp;
			sourceTree = "<group>";
		};
		BC89A603260E166D0036CC59 /* Preview Content */ = {
			isa = PBXGroup;
			children = (
				BC89A604260E166D0036CC59 /* Preview Assets.xcassets */,
			);
			path = "Preview Content";
			sourceTree = "<group>";
		};
		BC89A611260E166D0036CC59 /* NewsArticleAppTests */ = {
			isa = PBXGroup;
			children = (
				BC89A612260E166D0036CC59 /* NewsArticleAppTests.swift */,
				BC89A614260E166D0036CC59 /* Info.plist */,
			);
			path = NewsArticleAppTests;
			sourceTree = "<group>";
		};
		BC89A61C260E166D0036CC59 /* NewsArticleAppUITests */ = {
			isa = PBXGroup;
			children = (
				BC89A61D260E166D0036CC59 /* NewsArticleAppUITests.swift */,
				BC89A61F260E166D0036CC59 /* Info.plist */,
			);
			path = NewsArticleAppUITests;
			sourceTree = "<group>";
		};
		BC89A631260E254A0036CC59 /* Resources */ = {
			isa = PBXGroup;
			children = (
				BC89A63A260E25AD0036CC59 /* Assets */,
				BC89A632260E25610036CC59 /* JsonFile */,
			);
			path = Resources;
			sourceTree = "<group>";
		};
		BC89A632260E25610036CC59 /* JsonFile */ = {
			isa = PBXGroup;
			children = (
				BC89A672260E64940036CC59 /* Countries.json */,
				BC89A633260E25930036CC59 /* Categories.json */,
			);
			path = JsonFile;
			sourceTree = "<group>";
		};
		BC89A63A260E25AD0036CC59 /* Assets */ = {
			isa = PBXGroup;
			children = (
				BC89A601260E166D0036CC59 /* Assets.xcassets */,
			);
			path = Assets;
			sourceTree = "<group>";
		};
		BC89A63B260E25CB0036CC59 /* Utility */ = {
			isa = PBXGroup;
			children = (
				BC8DA750260FA573001E4227 /* UserDefault.swift */,
				BC89A644260E42DB0036CC59 /* ApiService */,
				BC89A63C260E25D90036CC59 /* FileManagerService */,
			);
			path = Utility;
			sourceTree = "<group>";
		};
		BC89A63C260E25D90036CC59 /* FileManagerService */ = {
			isa = PBXGroup;
			children = (
				BC89A63E260E26760036CC59 /* FileManagerService.swift */,
			);
			path = FileManagerService;
			sourceTree = "<group>";
		};
		BC89A644260E42DB0036CC59 /* ApiService */ = {
			isa = PBXGroup;
			children = (
				BC89A645260E42DC0036CC59 /* APIService.swift */,
				BC89A646260E42DC0036CC59 /* APISession.swift */,
				BC89A647260E42DC0036CC59 /* RequestBuilder.swift */,
				BC89A648260E42DC0036CC59 /* ApiErorr.swift */,
			);
			path = ApiService;
			sourceTree = "<group>";
		};
		BC89A660260E4F5E0036CC59 /* SelectCountiesAndCategories */ = {
			isa = PBXGroup;
			children = (
				BC89A66E260E5B130036CC59 /* Model */,
				BC89A662260E4FA40036CC59 /* ViewModel */,
				BC89A661260E4F9C0036CC59 /* View */,
			);
			path = SelectCountiesAndCategories;
			sourceTree = "<group>";
		};
		BC89A661260E4F9C0036CC59 /* View */ = {
			isa = PBXGroup;
			children = (
				BC89A5FF260E16680036CC59 /* SelectCountriesAndCategoriesView.swift */,
			);
			path = View;
			sourceTree = "<group>";
		};
		BC89A662260E4FA40036CC59 /* ViewModel */ = {
			isa = PBXGroup;
			children = (
				BC89A663260E4FE10036CC59 /* SelectCountriesAndCategoriesViewModel.swift */,
			);
			path = ViewModel;
			sourceTree = "<group>";
		};
		BC89A66E260E5B130036CC59 /* Model */ = {
			isa = PBXGroup;
			children = (
				BC89A68F260EA2AF0036CC59 /* Service */,
				BC89A68E260EA2790036CC59 /* Entities */,
			);
			path = Model;
			sourceTree = "<group>";
		};
		BC89A67B260E7E390036CC59 /* UIUtility */ = {
			isa = PBXGroup;
			children = (
				BC89A69B260EA4B30036CC59 /* LoadingView.swift */,
				BC89A699260EA4B20036CC59 /* SpinnerView.swift */,
				BC89A69A260EA4B20036CC59 /* UrlImageView.swift */,
				BC89A67E260E7E390036CC59 /* GridStack */,
			);
			path = UIUtility;
			sourceTree = "<group>";
		};
		BC89A67E260E7E390036CC59 /* GridStack */ = {
			isa = PBXGroup;
			children = (
				BC89A67F260E7E390036CC59 /* GridStack.swift */,
				BC89A680260E7E390036CC59 /* GridCalculator.swift */,
				BC89A681260E7E390036CC59 /* Array+chunked.swift */,
			);
			path = GridStack;
			sourceTree = "<group>";
		};
		BC89A68E260EA2790036CC59 /* Entities */ = {
			isa = PBXGroup;
			children = (
				BC89A651260E4B3B0036CC59 /* Country.swift */,
				BC89A657260E4D6C0036CC59 /* CategoriesModel.swift */,
			);
			path = Entities;
			sourceTree = "<group>";
		};
		BC89A68F260EA2AF0036CC59 /* Service */ = {
			isa = PBXGroup;
			children = (
				BC89A63D260E26760036CC59 /* CountriesAndCategoriesService.swift */,
			);
			path = Service;
			sourceTree = "<group>";
		};
		BC89A6A2260EA4DF0036CC59 /* Extensions */ = {
			isa = PBXGroup;
			children = (
				BC89A6A3260EA4DF0036CC59 /* extension+UIApplication.swift */,
				BC8DA755260FAFF0001E4227 /* extension+View.swift */,
			);
			path = Extensions;
			sourceTree = "<group>";
		};
		BC89A6A4260EA4DF0036CC59 /* Constants */ = {
			isa = PBXGroup;
			children = (
				BC89A6A5260EA4DF0036CC59 /* Constants.swift */,
				BC89A6A6260EA4DF0036CC59 /* NewsListEndPoints.swift */,
			);
			path = Constants;
			sourceTree = "<group>";
		};
		BC89A6B0260F1A480036CC59 /* NewsList */ = {
			isa = PBXGroup;
			children = (
				BC89A6B3260F1A990036CC59 /* ViewModel */,
				BC89A6B2260F1A910036CC59 /* Model */,
				BC89A6B1260F1A550036CC59 /* View */,
			);
			path = NewsList;
			sourceTree = "<group>";
		};
		BC89A6B1260F1A550036CC59 /* View */ = {
			isa = PBXGroup;
			children = (
				BC89A6DA260F37C50036CC59 /* Cell */,
				BC89A6BC260F25420036CC59 /* NewsListView.swift */,
			);
			path = View;
			sourceTree = "<group>";
		};
		BC89A6B2260F1A910036CC59 /* Model */ = {
			isa = PBXGroup;
			children = (
				BC89A6D4260F357D0036CC59 /* Service */,
				BC89A6B4260F24560036CC59 /* NewsResult.swift */,
			);
			path = Model;
			sourceTree = "<group>";
		};
		BC89A6B3260F1A990036CC59 /* ViewModel */ = {
			isa = PBXGroup;
			children = (
				BC89A6CF260F355F0036CC59 /* NewsResultViewModel.swift */,
			);
			path = ViewModel;
			sourceTree = "<group>";
		};
		BC89A6D4260F357D0036CC59 /* Service */ = {
			isa = PBXGroup;
			children = (
				BC89A6D5260F35940036CC59 /* NewsResultService.swift */,
			);
			path = Service;
			sourceTree = "<group>";
		};
		BC89A6DA260F37C50036CC59 /* Cell */ = {
			isa = PBXGroup;
			children = (
				BC89A6DB260F37C50036CC59 /* NewsViewCell.swift */,
			);
			path = Cell;
			sourceTree = "<group>";
		};
		BC8DA75A260FCB71001E4227 /* NewsFavorites */ = {
			isa = PBXGroup;
			children = (
				BC8DA75C260FCBB7001E4227 /* DataStore */,
				BC8DA75B260FCBAE001E4227 /* View */,
			);
			path = NewsFavorites;
			sourceTree = "<group>";
		};
		BC8DA75B260FCBAE001E4227 /* View */ = {
			isa = PBXGroup;
			children = (
				BC8DA762260FD838001E4227 /* FavoritesNewsView.swift */,
			);
			path = View;
			sourceTree = "<group>";
		};
		BC8DA75C260FCBB7001E4227 /* DataStore */ = {
			isa = PBXGroup;
			children = (
				BC8DA75D260FCBEE001E4227 /* UserNewsFavoritesManager.swift */,
			);
			path = DataStore;
			sourceTree = "<group>";
		};
/* End PBXGroup section */

/* Begin PBXNativeTarget section */
		BC89A5F7260E16680036CC59 /* NewsArticleApp */ = {
			isa = PBXNativeTarget;
			buildConfigurationList = BC89A622260E166D0036CC59 /* Build configuration list for PBXNativeTarget "NewsArticleApp" */;
			buildPhases = (
				BC89A5F4260E16680036CC59 /* Sources */,
				BC89A5F5260E16680036CC59 /* Frameworks */,
				BC89A5F6260E16680036CC59 /* Resources */,
			);
			buildRules = (
			);
			dependencies = (
			);
			name = NewsArticleApp;
			productName = NewsArticleApp;
			productReference = BC89A5F8260E16680036CC59 /* NewsArticleApp.app */;
			productType = "com.apple.product-type.application";
		};
		BC89A60D260E166D0036CC59 /* NewsArticleAppTests */ = {
			isa = PBXNativeTarget;
			buildConfigurationList = BC89A625260E166D0036CC59 /* Build configuration list for PBXNativeTarget "NewsArticleAppTests" */;
			buildPhases = (
				BC89A60A260E166D0036CC59 /* Sources */,
				BC89A60B260E166D0036CC59 /* Frameworks */,
				BC89A60C260E166D0036CC59 /* Resources */,
			);
			buildRules = (
			);
			dependencies = (
				BC89A610260E166D0036CC59 /* PBXTargetDependency */,
			);
			name = NewsArticleAppTests;
			productName = NewsArticleAppTests;
			productReference = BC89A60E260E166D0036CC59 /* NewsArticleAppTests.xctest */;
			productType = "com.apple.product-type.bundle.unit-test";
		};
		BC89A618260E166D0036CC59 /* NewsArticleAppUITests */ = {
			isa = PBXNativeTarget;
			buildConfigurationList = BC89A628260E166D0036CC59 /* Build configuration list for PBXNativeTarget "NewsArticleAppUITests" */;
			buildPhases = (
				BC89A615260E166D0036CC59 /* Sources */,
				BC89A616260E166D0036CC59 /* Frameworks */,
				BC89A617260E166D0036CC59 /* Resources */,
			);
			buildRules = (
			);
			dependencies = (
				BC89A61B260E166D0036CC59 /* PBXTargetDependency */,
			);
			name = NewsArticleAppUITests;
			productName = NewsArticleAppUITests;
			productReference = BC89A619260E166D0036CC59 /* NewsArticleAppUITests.xctest */;
			productType = "com.apple.product-type.bundle.ui-testing";
		};
/* End PBXNativeTarget section */

/* Begin PBXProject section */
		BC89A5F0260E16670036CC59 /* Project object */ = {
			isa = PBXProject;
			attributes = {
				LastSwiftUpdateCheck = 1240;
				LastUpgradeCheck = 1240;
				TargetAttributes = {
					BC89A5F7260E16680036CC59 = {
						CreatedOnToolsVersion = 12.4;
					};
					BC89A60D260E166D0036CC59 = {
						CreatedOnToolsVersion = 12.4;
						TestTargetID = BC89A5F7260E16680036CC59;
					};
					BC89A618260E166D0036CC59 = {
						CreatedOnToolsVersion = 12.4;
						TestTargetID = BC89A5F7260E16680036CC59;
					};
				};
			};
			buildConfigurationList = BC89A5F3260E16670036CC59 /* Build configuration list for PBXProject "NewsArticleApp" */;
			compatibilityVersion = "Xcode 9.3";
			developmentRegion = en;
			hasScannedForEncodings = 0;
			knownRegions = (
				en,
				Base,
			);
			mainGroup = BC89A5EF260E16670036CC59;
			productRefGroup = BC89A5F9260E16680036CC59 /* Products */;
			projectDirPath = "";
			projectRoot = "";
			targets = (
				BC89A5F7260E16680036CC59 /* NewsArticleApp */,
				BC89A60D260E166D0036CC59 /* NewsArticleAppTests */,
				BC89A618260E166D0036CC59 /* NewsArticleAppUITests */,
			);
		};
/* End PBXProject section */

/* Begin PBXResourcesBuildPhase section */
		BC89A5F6260E16680036CC59 /* Resources */ = {
			isa = PBXResourcesBuildPhase;
			buildActionMask = 2147483647;
			files = (
				BC89A608260E166D0036CC59 /* LaunchScreen.storyboard in Resources */,
				BC89A635260E25930036CC59 /* Categories.json in Resources */,
				BC89A605260E166D0036CC59 /* Preview Assets.xcassets in Resources */,
				BC89A673260E64940036CC59 /* Countries.json in Resources */,
				BC89A602260E166D0036CC59 /* Assets.xcassets in Resources */,
			);
			runOnlyForDeploymentPostprocessing = 0;
		};
		BC89A60C260E166D0036CC59 /* Resources */ = {
			isa = PBXResourcesBuildPhase;
			buildActionMask = 2147483647;
			files = (
			);
			runOnlyForDeploymentPostprocessing = 0;
		};
		BC89A617260E166D0036CC59 /* Resources */ = {
			isa = PBXResourcesBuildPhase;
			buildActionMask = 2147483647;
			files = (
			);
			runOnlyForDeploymentPostprocessing = 0;
		};
/* End PBXResourcesBuildPhase section */

/* Begin PBXSourcesBuildPhase section */
		BC89A5F4260E16680036CC59 /* Sources */ = {
			isa = PBXSourcesBuildPhase;
			buildActionMask = 2147483647;
			files = (
				BC89A6DC260F37C60036CC59 /* NewsViewCell.swift in Sources */,
				BC89A64C260E42DC0036CC59 /* ApiErorr.swift in Sources */,
				BC89A5FC260E16680036CC59 /* AppDelegate.swift in Sources */,
				BC89A5FE260E16680036CC59 /* SceneDelegate.swift in Sources */,
				BC89A683260E7E390036CC59 /* GridCalculator.swift in Sources */,
				BC89A682260E7E390036CC59 /* GridStack.swift in Sources */,
				BC89A6A7260EA4DF0036CC59 /* extension+UIApplication.swift in Sources */,
				BC89A640260E26760036CC59 /* FileManagerService.swift in Sources */,
				BC8DA756260FAFF0001E4227 /* extension+View.swift in Sources */,
				BC8DA751260FA573001E4227 /* UserDefault.swift in Sources */,
				BC89A69C260EA4B30036CC59 /* SpinnerView.swift in Sources */,
				BC89A652260E4B3B0036CC59 /* Country.swift in Sources */,
				BC89A63F260E26760036CC59 /* CountriesAndCategoriesService.swift in Sources */,
				BC89A6BD260F25420036CC59 /* NewsListView.swift in Sources */,
				BC89A6D0260F355F0036CC59 /* NewsResultViewModel.swift in Sources */,
				BC89A6A9260EA4DF0036CC59 /* NewsListEndPoints.swift in Sources */,
				BC89A649260E42DC0036CC59 /* APIService.swift in Sources */,
				BC89A69D260EA4B30036CC59 /* UrlImageView.swift in Sources */,
				BC8DA75E260FCBEE001E4227 /* UserNewsFavoritesManager.swift in Sources */,
				BC89A684260E7E390036CC59 /* Array+chunked.swift in Sources */,
				BC89A664260E4FE10036CC59 /* SelectCountriesAndCategoriesViewModel.swift in Sources */,
				BC89A600260E16680036CC59 /* SelectCountriesAndCategoriesView.swift in Sources */,
				BC8DA763260FD838001E4227 /* FavoritesNewsView.swift in Sources */,
				BC89A6A8260EA4DF0036CC59 /* Constants.swift in Sources */,
				BC89A64A260E42DC0036CC59 /* APISession.swift in Sources */,
				BC89A658260E4D6C0036CC59 /* CategoriesModel.swift in Sources */,
				BC89A64B260E42DC0036CC59 /* RequestBuilder.swift in Sources */,
				BC89A69E260EA4B30036CC59 /* LoadingView.swift in Sources */,
				BC89A6D6260F35940036CC59 /* NewsResultService.swift in Sources */,
				BC89A6B5260F24560036CC59 /* NewsResult.swift in Sources */,
			);
			runOnlyForDeploymentPostprocessing = 0;
		};
		BC89A60A260E166D0036CC59 /* Sources */ = {
			isa = PBXSourcesBuildPhase;
			buildActionMask = 2147483647;
			files = (
				BC89A613260E166D0036CC59 /* NewsArticleAppTests.swift in Sources */,
			);
			runOnlyForDeploymentPostprocessing = 0;
		};
		BC89A615260E166D0036CC59 /* Sources */ = {
			isa = PBXSourcesBuildPhase;
			buildActionMask = 2147483647;
			files = (
				BC89A61E260E166D0036CC59 /* NewsArticleAppUITests.swift in Sources */,
			);
			runOnlyForDeploymentPostprocessing = 0;
		};
/* End PBXSourcesBuildPhase section */

/* Begin PBXTargetDependency section */
		BC89A610260E166D0036CC59 /* PBXTargetDependency */ = {
			isa = PBXTargetDependency;
			target = BC89A5F7260E16680036CC59 /* NewsArticleApp */;
			targetProxy = BC89A60F260E166D0036CC59 /* PBXContainerItemProxy */;
		};
		BC89A61B260E166D0036CC59 /* PBXTargetDependency */ = {
			isa = PBXTargetDependency;
			target = BC89A5F7260E16680036CC59 /* NewsArticleApp */;
			targetProxy = BC89A61A260E166D0036CC59 /* PBXContainerItemProxy */;
		};
/* End PBXTargetDependency section */

/* Begin PBXVariantGroup section */
		BC89A606260E166D0036CC59 /* LaunchScreen.storyboard */ = {
			isa = PBXVariantGroup;
			children = (
				BC89A607260E166D0036CC59 /* Base */,
			);
			name = LaunchScreen.storyboard;
			sourceTree = "<group>";
		};
/* End PBXVariantGroup section */

/* Begin XCBuildConfiguration section */
		BC89A620260E166D0036CC59 /* Debug */ = {
			isa = XCBuildConfiguration;
			buildSettings = {
				ALWAYS_SEARCH_USER_PATHS = NO;
				CLANG_ANALYZER_NONNULL = YES;
				CLANG_ANALYZER_NUMBER_OBJECT_CONVERSION = YES_AGGRESSIVE;
				CLANG_CXX_LANGUAGE_STANDARD = "gnu++14";
				CLANG_CXX_LIBRARY = "libc++";
				CLANG_ENABLE_MODULES = YES;
				CLANG_ENABLE_OBJC_ARC = YES;
				CLANG_ENABLE_OBJC_WEAK = YES;
				CLANG_WARN_BLOCK_CAPTURE_AUTORELEASING = YES;
				CLANG_WARN_BOOL_CONVERSION = YES;
				CLANG_WARN_COMMA = YES;
				CLANG_WARN_CONSTANT_CONVERSION = YES;
				CLANG_WARN_DEPRECATED_OBJC_IMPLEMENTATIONS = YES;
				CLANG_WARN_DIRECT_OBJC_ISA_USAGE = YES_ERROR;
				CLANG_WARN_DOCUMENTATION_COMMENTS = YES;
				CLANG_WARN_EMPTY_BODY = YES;
				CLANG_WARN_ENUM_CONVERSION = YES;
				CLANG_WARN_INFINITE_RECURSION = YES;
				CLANG_WARN_INT_CONVERSION = YES;
				CLANG_WARN_NON_LITERAL_NULL_CONVERSION = YES;
				CLANG_WARN_OBJC_IMPLICIT_RETAIN_SELF = YES;
				CLANG_WARN_OBJC_LITERAL_CONVERSION = YES;
				CLANG_WARN_OBJC_ROOT_CLASS = YES_ERROR;
				CLANG_WARN_QUOTED_INCLUDE_IN_FRAMEWORK_HEADER = YES;
				CLANG_WARN_RANGE_LOOP_ANALYSIS = YES;
				CLANG_WARN_STRICT_PROTOTYPES = YES;
				CLANG_WARN_SUSPICIOUS_MOVE = YES;
				CLANG_WARN_UNGUARDED_AVAILABILITY = YES_AGGRESSIVE;
				CLANG_WARN_UNREACHABLE_CODE = YES;
				CLANG_WARN__DUPLICATE_METHOD_MATCH = YES;
				COPY_PHASE_STRIP = NO;
				DEBUG_INFORMATION_FORMAT = dwarf;
				ENABLE_STRICT_OBJC_MSGSEND = YES;
				ENABLE_TESTABILITY = YES;
				GCC_C_LANGUAGE_STANDARD = gnu11;
				GCC_DYNAMIC_NO_PIC = NO;
				GCC_NO_COMMON_BLOCKS = YES;
				GCC_OPTIMIZATION_LEVEL = 0;
				GCC_PREPROCESSOR_DEFINITIONS = (
					"DEBUG=1",
					"$(inherited)",
				);
				GCC_WARN_64_TO_32_BIT_CONVERSION = YES;
				GCC_WARN_ABOUT_RETURN_TYPE = YES_ERROR;
				GCC_WARN_UNDECLARED_SELECTOR = YES;
				GCC_WARN_UNINITIALIZED_AUTOS = YES_AGGRESSIVE;
				GCC_WARN_UNUSED_FUNCTION = YES;
				GCC_WARN_UNUSED_VARIABLE = YES;
				IPHONEOS_DEPLOYMENT_TARGET = 14.4;
				MTL_ENABLE_DEBUG_INFO = INCLUDE_SOURCE;
				MTL_FAST_MATH = YES;
				ONLY_ACTIVE_ARCH = YES;
				SDKROOT = iphoneos;
				SWIFT_ACTIVE_COMPILATION_CONDITIONS = DEBUG;
				SWIFT_OPTIMIZATION_LEVEL = "-Onone";
			};
			name = Debug;
		};
		BC89A621260E166D0036CC59 /* Release */ = {
			isa = XCBuildConfiguration;
			buildSettings = {
				ALWAYS_SEARCH_USER_PATHS = NO;
				CLANG_ANALYZER_NONNULL = YES;
				CLANG_ANALYZER_NUMBER_OBJECT_CONVERSION = YES_AGGRESSIVE;
				CLANG_CXX_LANGUAGE_STANDARD = "gnu++14";
				CLANG_CXX_LIBRARY = "libc++";
				CLANG_ENABLE_MODULES = YES;
				CLANG_ENABLE_OBJC_ARC = YES;
				CLANG_ENABLE_OBJC_WEAK = YES;
				CLANG_WARN_BLOCK_CAPTURE_AUTORELEASING = YES;
				CLANG_WARN_BOOL_CONVERSION = YES;
				CLANG_WARN_COMMA = YES;
				CLANG_WARN_CONSTANT_CONVERSION = YES;
				CLANG_WARN_DEPRECATED_OBJC_IMPLEMENTATIONS = YES;
				CLANG_WARN_DIRECT_OBJC_ISA_USAGE = YES_ERROR;
				CLANG_WARN_DOCUMENTATION_COMMENTS = YES;
				CLANG_WARN_EMPTY_BODY = YES;
				CLANG_WARN_ENUM_CONVERSION = YES;
				CLANG_WARN_INFINITE_RECURSION = YES;
				CLANG_WARN_INT_CONVERSION = YES;
				CLANG_WARN_NON_LITERAL_NULL_CONVERSION = YES;
				CLANG_WARN_OBJC_IMPLICIT_RETAIN_SELF = YES;
				CLANG_WARN_OBJC_LITERAL_CONVERSION = YES;
				CLANG_WARN_OBJC_ROOT_CLASS = YES_ERROR;
				CLANG_WARN_QUOTED_INCLUDE_IN_FRAMEWORK_HEADER = YES;
				CLANG_WARN_RANGE_LOOP_ANALYSIS = YES;
				CLANG_WARN_STRICT_PROTOTYPES = YES;
				CLANG_WARN_SUSPICIOUS_MOVE = YES;
				CLANG_WARN_UNGUARDED_AVAILABILITY = YES_AGGRESSIVE;
				CLANG_WARN_UNREACHABLE_CODE = YES;
				CLANG_WARN__DUPLICATE_METHOD_MATCH = YES;
				COPY_PHASE_STRIP = NO;
				DEBUG_INFORMATION_FORMAT = "dwarf-with-dsym";
				ENABLE_NS_ASSERTIONS = NO;
				ENABLE_STRICT_OBJC_MSGSEND = YES;
				GCC_C_LANGUAGE_STANDARD = gnu11;
				GCC_NO_COMMON_BLOCKS = YES;
				GCC_WARN_64_TO_32_BIT_CONVERSION = YES;
				GCC_WARN_ABOUT_RETURN_TYPE = YES_ERROR;
				GCC_WARN_UNDECLARED_SELECTOR = YES;
				GCC_WARN_UNINITIALIZED_AUTOS = YES_AGGRESSIVE;
				GCC_WARN_UNUSED_FUNCTION = YES;
				GCC_WARN_UNUSED_VARIABLE = YES;
				IPHONEOS_DEPLOYMENT_TARGET = 14.4;
				MTL_ENABLE_DEBUG_INFO = NO;
				MTL_FAST_MATH = YES;
				SDKROOT = iphoneos;
				SWIFT_COMPILATION_MODE = wholemodule;
				SWIFT_OPTIMIZATION_LEVEL = "-O";
				VALIDATE_PRODUCT = YES;
			};
			name = Release;
		};
		BC89A623260E166D0036CC59 /* Debug */ = {
			isa = XCBuildConfiguration;
			buildSettings = {
				ASSETCATALOG_COMPILER_APPICON_NAME = AppIcon;
				ASSETCATALOG_COMPILER_GLOBAL_ACCENT_COLOR_NAME = AccentColor;
				CODE_SIGN_STYLE = Automatic;
				DEVELOPMENT_ASSET_PATHS = "\"NewsArticleApp/Preview Content\"";
				DEVELOPMENT_TEAM = M4963NH9N7;
				ENABLE_PREVIEWS = YES;
				INFOPLIST_FILE = NewsArticleApp/Info.plist;
				LD_RUNPATH_SEARCH_PATHS = (
					"$(inherited)",
					"@executable_path/Frameworks",
				);
				PRODUCT_BUNDLE_IDENTIFIER = com.NewsArticleApp.ITWorkxEdu.NewsArticleApp;
				PRODUCT_NAME = "$(TARGET_NAME)";
				SWIFT_VERSION = 5.0;
				TARGETED_DEVICE_FAMILY = "1,2";
			};
			name = Debug;
		};
		BC89A624260E166D0036CC59 /* Release */ = {
			isa = XCBuildConfiguration;
			buildSettings = {
				ASSETCATALOG_COMPILER_APPICON_NAME = AppIcon;
				ASSETCATALOG_COMPILER_GLOBAL_ACCENT_COLOR_NAME = AccentColor;
				CODE_SIGN_STYLE = Automatic;
				DEVELOPMENT_ASSET_PATHS = "\"NewsArticleApp/Preview Content\"";
				DEVELOPMENT_TEAM = M4963NH9N7;
				ENABLE_PREVIEWS = YES;
				INFOPLIST_FILE = NewsArticleApp/Info.plist;
				LD_RUNPATH_SEARCH_PATHS = (
					"$(inherited)",
					"@executable_path/Frameworks",
				);
				PRODUCT_BUNDLE_IDENTIFIER = com.NewsArticleApp.ITWorkxEdu.NewsArticleApp;
				PRODUCT_NAME = "$(TARGET_NAME)";
				SWIFT_VERSION = 5.0;
				TARGETED_DEVICE_FAMILY = "1,2";
			};
			name = Release;
		};
		BC89A626260E166D0036CC59 /* Debug */ = {
			isa = XCBuildConfiguration;
			buildSettings = {
				ALWAYS_EMBED_SWIFT_STANDARD_LIBRARIES = YES;
				BUNDLE_LOADER = "$(TEST_HOST)";
				CODE_SIGN_STYLE = Automatic;
				DEVELOPMENT_TEAM = T77D33FSNF;
				INFOPLIST_FILE = NewsArticleAppTests/Info.plist;
				IPHONEOS_DEPLOYMENT_TARGET = 14.4;
				LD_RUNPATH_SEARCH_PATHS = (
					"$(inherited)",
					"@executable_path/Frameworks",
					"@loader_path/Frameworks",
				);
				PRODUCT_BUNDLE_IDENTIFIER = com.NewsArticleApp.ITWorkxEdu.NewsArticleAppTests;
				PRODUCT_NAME = "$(TARGET_NAME)";
				SWIFT_VERSION = 5.0;
				TARGETED_DEVICE_FAMILY = "1,2";
				TEST_HOST = "$(BUILT_PRODUCTS_DIR)/NewsArticleApp.app/NewsArticleApp";
			};
			name = Debug;
		};
		BC89A627260E166D0036CC59 /* Release */ = {
			isa = XCBuildConfiguration;
			buildSettings = {
				ALWAYS_EMBED_SWIFT_STANDARD_LIBRARIES = YES;
				BUNDLE_LOADER = "$(TEST_HOST)";
				CODE_SIGN_STYLE = Automatic;
				DEVELOPMENT_TEAM = T77D33FSNF;
				INFOPLIST_FILE = NewsArticleAppTests/Info.plist;
				IPHONEOS_DEPLOYMENT_TARGET = 14.4;
				LD_RUNPATH_SEARCH_PATHS = (
					"$(inherited)",
					"@executable_path/Frameworks",
					"@loader_path/Frameworks",
				);
				PRODUCT_BUNDLE_IDENTIFIER = com.NewsArticleApp.ITWorkxEdu.NewsArticleAppTests;
				PRODUCT_NAME = "$(TARGET_NAME)";
				SWIFT_VERSION = 5.0;
				TARGETED_DEVICE_FAMILY = "1,2";
				TEST_HOST = "$(BUILT_PRODUCTS_DIR)/NewsArticleApp.app/NewsArticleApp";
			};
			name = Release;
		};
		BC89A629260E166D0036CC59 /* Debug */ = {
			isa = XCBuildConfiguration;
			buildSettings = {
				ALWAYS_EMBED_SWIFT_STANDARD_LIBRARIES = YES;
				CODE_SIGN_STYLE = Automatic;
				DEVELOPMENT_TEAM = T77D33FSNF;
				INFOPLIST_FILE = NewsArticleAppUITests/Info.plist;
				LD_RUNPATH_SEARCH_PATHS = (
					"$(inherited)",
					"@executable_path/Frameworks",
					"@loader_path/Frameworks",
				);
				PRODUCT_BUNDLE_IDENTIFIER = com.NewsArticleApp.ITWorkxEdu.NewsArticleAppUITests;
				PRODUCT_NAME = "$(TARGET_NAME)";
				SWIFT_VERSION = 5.0;
				TARGETED_DEVICE_FAMILY = "1,2";
				TEST_TARGET_NAME = NewsArticleApp;
			};
			name = Debug;
		};
		BC89A62A260E166D0036CC59 /* Release */ = {
			isa = XCBuildConfiguration;
			buildSettings = {
				ALWAYS_EMBED_SWIFT_STANDARD_LIBRARIES = YES;
				CODE_SIGN_STYLE = Automatic;
				DEVELOPMENT_TEAM = T77D33FSNF;
				INFOPLIST_FILE = NewsArticleAppUITests/Info.plist;
				LD_RUNPATH_SEARCH_PATHS = (
					"$(inherited)",
					"@executable_path/Frameworks",
					"@loader_path/Frameworks",
				);
				PRODUCT_BUNDLE_IDENTIFIER = com.NewsArticleApp.ITWorkxEdu.NewsArticleAppUITests;
				PRODUCT_NAME = "$(TARGET_NAME)";
				SWIFT_VERSION = 5.0;
				TARGETED_DEVICE_FAMILY = "1,2";
				TEST_TARGET_NAME = NewsArticleApp;
			};
			name = Release;
		};
/* End XCBuildConfiguration section */

/* Begin XCConfigurationList section */
		BC89A5F3260E16670036CC59 /* Build configuration list for PBXProject "NewsArticleApp" */ = {
			isa = XCConfigurationList;
			buildConfigurations = (
				BC89A620260E166D0036CC59 /* Debug */,
				BC89A621260E166D0036CC59 /* Release */,
			);
			defaultConfigurationIsVisible = 0;
			defaultConfigurationName = Release;
		};
		BC89A622260E166D0036CC59 /* Build configuration list for PBXNativeTarget "NewsArticleApp" */ = {
			isa = XCConfigurationList;
			buildConfigurations = (
				BC89A623260E166D0036CC59 /* Debug */,
				BC89A624260E166D0036CC59 /* Release */,
			);
			defaultConfigurationIsVisible = 0;
			defaultConfigurationName = Release;
		};
		BC89A625260E166D0036CC59 /* Build configuration list for PBXNativeTarget "NewsArticleAppTests" */ = {
			isa = XCConfigurationList;
			buildConfigurations = (
				BC89A626260E166D0036CC59 /* Debug */,
				BC89A627260E166D0036CC59 /* Release */,
			);
			defaultConfigurationIsVisible = 0;
			defaultConfigurationName = Release;
		};
		BC89A628260E166D0036CC59 /* Build configuration list for PBXNativeTarget "NewsArticleAppUITests" */ = {
			isa = XCConfigurationList;
			buildConfigurations = (
				BC89A629260E166D0036CC59 /* Debug */,
				BC89A62A260E166D0036CC59 /* Release */,
			);
			defaultConfigurationIsVisible = 0;
			defaultConfigurationName = Release;
		};
/* End XCConfigurationList section */
	};
	rootObject = BC89A5F0260E16670036CC59 /* Project object */;
}
